
Microsoft Visual Studio Solution File, Format Version 12.00
# Visual Studio Version 17
VisualStudioVersion = 17.7.34009.444
MinimumVisualStudioVersion = 10.0.40219.1
Project("{FAE04EC0-301F-11D3-BF4B-00C04F79EFBC}") = "WebApiCRUDHexagonal", "WepApiCRUDHexagonal\WebApiCRUDHexagonal.csproj", "{78459478-C993-4AA4-9283-21E9D650EE51}"
EndProject
Global
	GlobalSection(SolutionConfigurationPlatforms) = preSolution
		Debug|Any CPU = Debug|Any CPU
		Release|Any CPU = Release|Any CPU
	EndGlobalSection
	GlobalSection(ProjectConfigurationPlatforms) = postSolution
		{78459478-C993-4AA4-9283-21E9D650EE51}.Debug|Any CPU.ActiveCfg = Debug|Any CPU
		{78459478-C993-4AA4-9283-21E9D650EE51}.Debug|Any CPU.Build.0 = Debug|Any CPU
		{78459478-C993-4AA4-9283-21E9D650EE51}.Release|Any CPU.ActiveCfg = Release|Any CPU
		{78459478-C993-4AA4-9283-21E9D650EE51}.Release|Any CPU.Build.0 = Release|Any CPU
	EndGlobalSection
	GlobalSection(SolutionProperties) = preSolution
		HideSolutionNode = FALSE
	EndGlobalSection
	GlobalSection(ExtensibilityGlobals) = postSolution
		SolutionGuid = {42A59E79-8593-4BB7-A75B-3C3B6D34A6BE}
	EndGlobalSection
EndGlobal
